// !$*UTF8*$!
{
	archiveVersion = 1;
	classes = {
	};
	objectVersion = 56;
	objects = {

/* Begin PBXBuildFile section */
		0307EA7D2C374C8D00824FD8 /* AppDelegate.swift in Sources */ = {isa = PBXBuildFile; fileRef = 0307EA7C2C374C8D00824FD8 /* AppDelegate.swift */; };
		0307EA7F2C374C8D00824FD8 /* SceneDelegate.swift in Sources */ = {isa = PBXBuildFile; fileRef = 0307EA7E2C374C8D00824FD8 /* SceneDelegate.swift */; };
		0307EA842C374C8E00824FD8 /* Base in Resources */ = {isa = PBXBuildFile; fileRef = 0307EA832C374C8E00824FD8 /* Base */; };
		0307EA862C374C8F00824FD8 /* Assets.xcassets in Resources */ = {isa = PBXBuildFile; fileRef = 0307EA852C374C8F00824FD8 /* Assets.xcassets */; };
		0307EA892C374C8F00824FD8 /* Base in Resources */ = {isa = PBXBuildFile; fileRef = 0307EA882C374C8F00824FD8 /* Base */; };
		0307EA942C374C8F00824FD8 /* FotoIntelliTests.swift in Sources */ = {isa = PBXBuildFile; fileRef = 0307EA932C374C8F00824FD8 /* FotoIntelliTests.swift */; };
		0307EA9E2C374C8F00824FD8 /* FotoIntelliUITests.swift in Sources */ = {isa = PBXBuildFile; fileRef = 0307EA9D2C374C8F00824FD8 /* FotoIntelliUITests.swift */; };
		0307EAA02C374C8F00824FD8 /* FotoIntelliUITestsLaunchTests.swift in Sources */ = {isa = PBXBuildFile; fileRef = 0307EA9F2C374C8F00824FD8 /* FotoIntelliUITestsLaunchTests.swift */; };
		0307EAAD2C374CFD00824FD8 /* MainViewController.swift in Sources */ = {isa = PBXBuildFile; fileRef = 0307EAAC2C374CFD00824FD8 /* MainViewController.swift */; };
		0307EAAF2C37524D00824FD8 /* SplashScreenViewController.swift in Sources */ = {isa = PBXBuildFile; fileRef = 0307EAAE2C37524D00824FD8 /* SplashScreenViewController.swift */; };
		0307EAB12C3754B800824FD8 /* PhotoEditingViewController.swift in Sources */ = {isa = PBXBuildFile; fileRef = 0307EAB02C3754B800824FD8 /* PhotoEditingViewController.swift */; };
		0307EAB32C3754D700824FD8 /* MLFeatureViewController.swift in Sources */ = {isa = PBXBuildFile; fileRef = 0307EAB22C3754D700824FD8 /* MLFeatureViewController.swift */; };
		0307EAB52C3754FF00824FD8 /* ARFeatureViewController.swift in Sources */ = {isa = PBXBuildFile; fileRef = 0307EAB42C3754FF00824FD8 /* ARFeatureViewController.swift */; };
		036DB0572C37CF94007D5FEB /* UIImage + Extension.swift in Sources */ = {isa = PBXBuildFile; fileRef = 036DB0562C37CF94007D5FEB /* UIImage + Extension.swift */; };
		036DB05B2C37D104007D5FEB /* TorchModule.swift in Sources */ = {isa = PBXBuildFile; fileRef = 036DB05A2C37D104007D5FEB /* TorchModule.swift */; };
		036DB05D2C37D126007D5FEB /* Tensor.swift in Sources */ = {isa = PBXBuildFile; fileRef = 036DB05C2C37D126007D5FEB /* Tensor.swift */; };
/* End PBXBuildFile section */

/* Begin PBXContainerItemProxy section */
		0307EA902C374C8F00824FD8 /* PBXContainerItemProxy */ = {
			isa = PBXContainerItemProxy;
			containerPortal = 0307EA712C374C8D00824FD8 /* Project object */;
			proxyType = 1;
			remoteGlobalIDString = 0307EA782C374C8D00824FD8;
			remoteInfo = FotoIntelli;
		};
		0307EA9A2C374C8F00824FD8 /* PBXContainerItemProxy */ = {
			isa = PBXContainerItemProxy;
			containerPortal = 0307EA712C374C8D00824FD8 /* Project object */;
			proxyType = 1;
			remoteGlobalIDString = 0307EA782C374C8D00824FD8;
			remoteInfo = FotoIntelli;
		};
/* End PBXContainerItemProxy section */

/* Begin PBXFileReference section */
		0307EA792C374C8D00824FD8 /* FotoIntelli.app */ = {isa = PBXFileReference; explicitFileType = wrapper.application; includeInIndex = 0; path = FotoIntelli.app; sourceTree = BUILT_PRODUCTS_DIR; };
		0307EA7C2C374C8D00824FD8 /* AppDelegate.swift */ = {isa = PBXFileReference; lastKnownFileType = sourcecode.swift; path = AppDelegate.swift; sourceTree = "<group>"; };
		0307EA7E2C374C8D00824FD8 /* SceneDelegate.swift */ = {isa = PBXFileReference; lastKnownFileType = sourcecode.swift; path = SceneDelegate.swift; sourceTree = "<group>"; };
		0307EA832C374C8E00824FD8 /* Base */ = {isa = PBXFileReference; lastKnownFileType = file.storyboard; name = Base; path = Base.lproj/Main.storyboard; sourceTree = "<group>"; };
		0307EA852C374C8F00824FD8 /* Assets.xcassets */ = {isa = PBXFileReference; lastKnownFileType = folder.assetcatalog; path = Assets.xcassets; sourceTree = "<group>"; };
		0307EA882C374C8F00824FD8 /* Base */ = {isa = PBXFileReference; lastKnownFileType = file.storyboard; name = Base; path = Base.lproj/LaunchScreen.storyboard; sourceTree = "<group>"; };
		0307EA8A2C374C8F00824FD8 /* Info.plist */ = {isa = PBXFileReference; lastKnownFileType = text.plist.xml; path = Info.plist; sourceTree = "<group>"; };
		0307EA8F2C374C8F00824FD8 /* FotoIntelliTests.xctest */ = {isa = PBXFileReference; explicitFileType = wrapper.cfbundle; includeInIndex = 0; path = FotoIntelliTests.xctest; sourceTree = BUILT_PRODUCTS_DIR; };
		0307EA932C374C8F00824FD8 /* FotoIntelliTests.swift */ = {isa = PBXFileReference; lastKnownFileType = sourcecode.swift; path = FotoIntelliTests.swift; sourceTree = "<group>"; };
		0307EA992C374C8F00824FD8 /* FotoIntelliUITests.xctest */ = {isa = PBXFileReference; explicitFileType = wrapper.cfbundle; includeInIndex = 0; path = FotoIntelliUITests.xctest; sourceTree = BUILT_PRODUCTS_DIR; };
		0307EA9D2C374C8F00824FD8 /* FotoIntelliUITests.swift */ = {isa = PBXFileReference; lastKnownFileType = sourcecode.swift; path = FotoIntelliUITests.swift; sourceTree = "<group>"; };
		0307EA9F2C374C8F00824FD8 /* FotoIntelliUITestsLaunchTests.swift */ = {isa = PBXFileReference; lastKnownFileType = sourcecode.swift; path = FotoIntelliUITestsLaunchTests.swift; sourceTree = "<group>"; };
		0307EAAC2C374CFD00824FD8 /* MainViewController.swift */ = {isa = PBXFileReference; lastKnownFileType = sourcecode.swift; path = MainViewController.swift; sourceTree = "<group>"; };
		0307EAAE2C37524D00824FD8 /* SplashScreenViewController.swift */ = {isa = PBXFileReference; lastKnownFileType = sourcecode.swift; path = SplashScreenViewController.swift; sourceTree = "<group>"; };
		0307EAB02C3754B800824FD8 /* PhotoEditingViewController.swift */ = {isa = PBXFileReference; lastKnownFileType = sourcecode.swift; path = PhotoEditingViewController.swift; sourceTree = "<group>"; };
		0307EAB22C3754D700824FD8 /* MLFeatureViewController.swift */ = {isa = PBXFileReference; lastKnownFileType = sourcecode.swift; path = MLFeatureViewController.swift; sourceTree = "<group>"; };
		0307EAB42C3754FF00824FD8 /* ARFeatureViewController.swift */ = {isa = PBXFileReference; lastKnownFileType = sourcecode.swift; path = ARFeatureViewController.swift; sourceTree = "<group>"; };
		036DB0562C37CF94007D5FEB /* UIImage + Extension.swift */ = {isa = PBXFileReference; lastKnownFileType = sourcecode.swift; path = "UIImage + Extension.swift"; sourceTree = "<group>"; };
		036DB05A2C37D104007D5FEB /* TorchModule.swift */ = {isa = PBXFileReference; lastKnownFileType = sourcecode.swift; path = TorchModule.swift; sourceTree = "<group>"; };
		036DB05C2C37D126007D5FEB /* Tensor.swift */ = {isa = PBXFileReference; lastKnownFileType = sourcecode.swift; path = Tensor.swift; sourceTree = "<group>"; };
/* End PBXFileReference section */

/* Begin PBXFrameworksBuildPhase section */
		0307EA762C374C8D00824FD8 /* Frameworks */ = {
			isa = PBXFrameworksBuildPhase;
			buildActionMask = 2147483647;
			files = (
			);
			runOnlyForDeploymentPostprocessing = 0;
		};
		0307EA8C2C374C8F00824FD8 /* Frameworks */ = {
			isa = PBXFrameworksBuildPhase;
			buildActionMask = 2147483647;
			files = (
			);
			runOnlyForDeploymentPostprocessing = 0;
		};
		0307EA962C374C8F00824FD8 /* Frameworks */ = {
			isa = PBXFrameworksBuildPhase;
			buildActionMask = 2147483647;
			files = (
			);
			runOnlyForDeploymentPostprocessing = 0;
		};
/* End PBXFrameworksBuildPhase section */

/* Begin PBXGroup section */
		0307EA702C374C8D00824FD8 = {
			isa = PBXGroup;
			children = (
				0307EA7B2C374C8D00824FD8 /* FotoIntelli */,
				0307EA922C374C8F00824FD8 /* FotoIntelliTests */,
				0307EA9C2C374C8F00824FD8 /* FotoIntelliUITests */,
				0307EA7A2C374C8D00824FD8 /* Products */,
				2782C49D2A23501DAD6E4150 /* Pods */,
			);
			sourceTree = "<group>";
		};
		0307EA7A2C374C8D00824FD8 /* Products */ = {
			isa = PBXGroup;
			children = (
				0307EA792C374C8D00824FD8 /* FotoIntelli.app */,
				0307EA8F2C374C8F00824FD8 /* FotoIntelliTests.xctest */,
				0307EA992C374C8F00824FD8 /* FotoIntelliUITests.xctest */,
			);
			name = Products;
			sourceTree = "<group>";
		};
		0307EA7B2C374C8D00824FD8 /* FotoIntelli */ = {
			isa = PBXGroup;
			children = (
				0307EA7C2C374C8D00824FD8 /* AppDelegate.swift */,
				0307EA7E2C374C8D00824FD8 /* SceneDelegate.swift */,
				0307EA822C374C8E00824FD8 /* Main.storyboard */,
				0307EA852C374C8F00824FD8 /* Assets.xcassets */,
				0307EA872C374C8F00824FD8 /* LaunchScreen.storyboard */,
				0307EA8A2C374C8F00824FD8 /* Info.plist */,
				0307EAAC2C374CFD00824FD8 /* MainViewController.swift */,
				0307EAAE2C37524D00824FD8 /* SplashScreenViewController.swift */,
				0307EAB02C3754B800824FD8 /* PhotoEditingViewController.swift */,
				0307EAB22C3754D700824FD8 /* MLFeatureViewController.swift */,
				0307EAB42C3754FF00824FD8 /* ARFeatureViewController.swift */,
				036DB0562C37CF94007D5FEB /* UIImage + Extension.swift */,
				036DB05A2C37D104007D5FEB /* TorchModule.swift */,
				036DB05C2C37D126007D5FEB /* Tensor.swift */,
			);
			path = FotoIntelli;
			sourceTree = "<group>";
		};
		0307EA922C374C8F00824FD8 /* FotoIntelliTests */ = {
			isa = PBXGroup;
			children = (
				0307EA932C374C8F00824FD8 /* FotoIntelliTests.swift */,
			);
			path = FotoIntelliTests;
			sourceTree = "<group>";
		};
		0307EA9C2C374C8F00824FD8 /* FotoIntelliUITests */ = {
			isa = PBXGroup;
			children = (
				0307EA9D2C374C8F00824FD8 /* FotoIntelliUITests.swift */,
				0307EA9F2C374C8F00824FD8 /* FotoIntelliUITestsLaunchTests.swift */,
			);
			path = FotoIntelliUITests;
			sourceTree = "<group>";
		};
		2782C49D2A23501DAD6E4150 /* Pods */ = {
			isa = PBXGroup;
			children = (
			);
			path = Pods;
			sourceTree = "<group>";
		};
/* End PBXGroup section */

/* Begin PBXNativeTarget section */
		0307EA782C374C8D00824FD8 /* FotoIntelli */ = {
			isa = PBXNativeTarget;
			buildConfigurationList = 0307EAA32C374C8F00824FD8 /* Build configuration list for PBXNativeTarget "FotoIntelli" */;
			buildPhases = (
				0307EA752C374C8D00824FD8 /* Sources */,
				0307EA762C374C8D00824FD8 /* Frameworks */,
				0307EA772C374C8D00824FD8 /* Resources */,
			);
			buildRules = (
			);
			dependencies = (
			);
			name = FotoIntelli;
			productName = FotoIntelli;
			productReference = 0307EA792C374C8D00824FD8 /* FotoIntelli.app */;
			productType = "com.apple.product-type.application";
		};
		0307EA8E2C374C8F00824FD8 /* FotoIntelliTests */ = {
			isa = PBXNativeTarget;
			buildConfigurationList = 0307EAA62C374C8F00824FD8 /* Build configuration list for PBXNativeTarget "FotoIntelliTests" */;
			buildPhases = (
				0307EA8B2C374C8F00824FD8 /* Sources */,
				0307EA8C2C374C8F00824FD8 /* Frameworks */,
				0307EA8D2C374C8F00824FD8 /* Resources */,
			);
			buildRules = (
			);
			dependencies = (
				0307EA912C374C8F00824FD8 /* PBXTargetDependency */,
			);
			name = FotoIntelliTests;
			productName = FotoIntelliTests;
			productReference = 0307EA8F2C374C8F00824FD8 /* FotoIntelliTests.xctest */;
			productType = "com.apple.product-type.bundle.unit-test";
		};
		0307EA982C374C8F00824FD8 /* FotoIntelliUITests */ = {
			isa = PBXNativeTarget;
			buildConfigurationList = 0307EAA92C374C8F00824FD8 /* Build configuration list for PBXNativeTarget "FotoIntelliUITests" */;
			buildPhases = (
				0307EA952C374C8F00824FD8 /* Sources */,
				0307EA962C374C8F00824FD8 /* Frameworks */,
				0307EA972C374C8F00824FD8 /* Resources */,
			);
			buildRules = (
			);
			dependencies = (
				0307EA9B2C374C8F00824FD8 /* PBXTargetDependency */,
			);
			name = FotoIntelliUITests;
			productName = FotoIntelliUITests;
			productReference = 0307EA992C374C8F00824FD8 /* FotoIntelliUITests.xctest */;
			productType = "com.apple.product-type.bundle.ui-testing";
		};
/* End PBXNativeTarget section */

/* Begin PBXProject section */
		0307EA712C374C8D00824FD8 /* Project object */ = {
			isa = PBXProject;
			attributes = {
				BuildIndependentTargetsInParallel = 1;
				LastSwiftUpdateCheck = 1540;
				LastUpgradeCheck = 1540;
				TargetAttributes = {
					0307EA782C374C8D00824FD8 = {
						CreatedOnToolsVersion = 15.4;
					};
					0307EA8E2C374C8F00824FD8 = {
						CreatedOnToolsVersion = 15.4;
						TestTargetID = 0307EA782C374C8D00824FD8;
					};
					0307EA982C374C8F00824FD8 = {
						CreatedOnToolsVersion = 15.4;
						TestTargetID = 0307EA782C374C8D00824FD8;
					};
				};
			};
			buildConfigurationList = 0307EA742C374C8D00824FD8 /* Build configuration list for PBXProject "FotoIntelli" */;
			compatibilityVersion = "Xcode 14.0";
			developmentRegion = en;
			hasScannedForEncodings = 0;
			knownRegions = (
				en,
				Base,
			);
			mainGroup = 0307EA702C374C8D00824FD8;
			productRefGroup = 0307EA7A2C374C8D00824FD8 /* Products */;
			projectDirPath = "";
			projectRoot = "";
			targets = (
				0307EA782C374C8D00824FD8 /* FotoIntelli */,
				0307EA8E2C374C8F00824FD8 /* FotoIntelliTests */,
				0307EA982C374C8F00824FD8 /* FotoIntelliUITests */,
			);
		};
/* End PBXProject section */

/* Begin PBXResourcesBuildPhase section */
		0307EA772C374C8D00824FD8 /* Resources */ = {
			isa = PBXResourcesBuildPhase;
			buildActionMask = 2147483647;
			files = (
				0307EA862C374C8F00824FD8 /* Assets.xcassets in Resources */,
				0307EA892C374C8F00824FD8 /* Base in Resources */,
				0307EA842C374C8E00824FD8 /* Base in Resources */,
			);
			runOnlyForDeploymentPostprocessing = 0;
		};
		0307EA8D2C374C8F00824FD8 /* Resources */ = {
			isa = PBXResourcesBuildPhase;
			buildActionMask = 2147483647;
			files = (
			);
			runOnlyForDeploymentPostprocessing = 0;
		};
		0307EA972C374C8F00824FD8 /* Resources */ = {
			isa = PBXResourcesBuildPhase;
			buildActionMask = 2147483647;
			files = (
			);
			runOnlyForDeploymentPostprocessing = 0;
		};
/* End PBXResourcesBuildPhase section */

/* Begin PBXSourcesBuildPhase section */
		0307EA752C374C8D00824FD8 /* Sources */ = {
			isa = PBXSourcesBuildPhase;
			buildActionMask = 2147483647;
			files = (
				036DB05D2C37D126007D5FEB /* Tensor.swift in Sources */,
				036DB05B2C37D104007D5FEB /* TorchModule.swift in Sources */,
				0307EAAD2C374CFD00824FD8 /* MainViewController.swift in Sources */,
				0307EA7D2C374C8D00824FD8 /* AppDelegate.swift in Sources */,
				0307EAB52C3754FF00824FD8 /* ARFeatureViewController.swift in Sources */,
				0307EAB32C3754D700824FD8 /* MLFeatureViewController.swift in Sources */,
				0307EAB12C3754B800824FD8 /* PhotoEditingViewController.swift in Sources */,
				036DB0572C37CF94007D5FEB /* UIImage + Extension.swift in Sources */,
				0307EAAF2C37524D00824FD8 /* SplashScreenViewController.swift in Sources */,
				0307EA7F2C374C8D00824FD8 /* SceneDelegate.swift in Sources */,
			);
			runOnlyForDeploymentPostprocessing = 0;
		};
		0307EA8B2C374C8F00824FD8 /* Sources */ = {
			isa = PBXSourcesBuildPhase;
			buildActionMask = 2147483647;
			files = (
				0307EA942C374C8F00824FD8 /* FotoIntelliTests.swift in Sources */,
			);
			runOnlyForDeploymentPostprocessing = 0;
		};
		0307EA952C374C8F00824FD8 /* Sources */ = {
			isa = PBXSourcesBuildPhase;
			buildActionMask = 2147483647;
			files = (
				0307EAA02C374C8F00824FD8 /* FotoIntelliUITestsLaunchTests.swift in Sources */,
				0307EA9E2C374C8F00824FD8 /* FotoIntelliUITests.swift in Sources */,
			);
			runOnlyForDeploymentPostprocessing = 0;
		};
/* End PBXSourcesBuildPhase section */

/* Begin PBXTargetDependency section */
		0307EA912C374C8F00824FD8 /* PBXTargetDependency */ = {
			isa = PBXTargetDependency;
			target = 0307EA782C374C8D00824FD8 /* FotoIntelli */;
			targetProxy = 0307EA902C374C8F00824FD8 /* PBXContainerItemProxy */;
		};
		0307EA9B2C374C8F00824FD8 /* PBXTargetDependency */ = {
			isa = PBXTargetDependency;
			target = 0307EA782C374C8D00824FD8 /* FotoIntelli */;
			targetProxy = 0307EA9A2C374C8F00824FD8 /* PBXContainerItemProxy */;
		};
/* End PBXTargetDependency section */

/* Begin PBXVariantGroup section */
		0307EA822C374C8E00824FD8 /* Main.storyboard */ = {
			isa = PBXVariantGroup;
			children = (
				0307EA832C374C8E00824FD8 /* Base */,
			);
			name = Main.storyboard;
			sourceTree = "<group>";
		};
		0307EA872C374C8F00824FD8 /* LaunchScreen.storyboard */ = {
			isa = PBXVariantGroup;
			children = (
				0307EA882C374C8F00824FD8 /* Base */,
			);
			name = LaunchScreen.storyboard;
			sourceTree = "<group>";
		};
/* End PBXVariantGroup section */

/* Begin XCBuildConfiguration section */
		0307EAA12C374C8F00824FD8 /* Debug */ = {
			isa = XCBuildConfiguration;
			buildSettings = {
				ALWAYS_SEARCH_USER_PATHS = NO;
				ASSETCATALOG_COMPILER_GENERATE_SWIFT_ASSET_SYMBOL_EXTENSIONS = YES;
				CLANG_ANALYZER_NONNULL = YES;
				CLANG_ANALYZER_NUMBER_OBJECT_CONVERSION = YES_AGGRESSIVE;
				CLANG_CXX_LANGUAGE_STANDARD = "gnu++20";
				CLANG_ENABLE_MODULES = YES;
				CLANG_ENABLE_OBJC_ARC = YES;
				CLANG_ENABLE_OBJC_WEAK = YES;
				CLANG_WARN_BLOCK_CAPTURE_AUTORELEASING = YES;
				CLANG_WARN_BOOL_CONVERSION = YES;
				CLANG_WARN_COMMA = YES;
				CLANG_WARN_CONSTANT_CONVERSION = YES;
				CLANG_WARN_DEPRECATED_OBJC_IMPLEMENTATIONS = YES;
				CLANG_WARN_DIRECT_OBJC_ISA_USAGE = YES_ERROR;
				CLANG_WARN_DOCUMENTATION_COMMENTS = YES;
				CLANG_WARN_EMPTY_BODY = YES;
				CLANG_WARN_ENUM_CONVERSION = YES;
				CLANG_WARN_INFINITE_RECURSION = YES;
				CLANG_WARN_INT_CONVERSION = YES;
				CLANG_WARN_NON_LITERAL_NULL_CONVERSION = YES;
				CLANG_WARN_OBJC_IMPLICIT_RETAIN_SELF = YES;
				CLANG_WARN_OBJC_LITERAL_CONVERSION = YES;
				CLANG_WARN_OBJC_ROOT_CLASS = YES_ERROR;
				CLANG_WARN_QUOTED_INCLUDE_IN_FRAMEWORK_HEADER = YES;
				CLANG_WARN_RANGE_LOOP_ANALYSIS = YES;
				CLANG_WARN_STRICT_PROTOTYPES = YES;
				CLANG_WARN_SUSPICIOUS_MOVE = YES;
				CLANG_WARN_UNGUARDED_AVAILABILITY = YES_AGGRESSIVE;
				CLANG_WARN_UNREACHABLE_CODE = YES;
				CLANG_WARN__DUPLICATE_METHOD_MATCH = YES;
				COPY_PHASE_STRIP = NO;
				DEBUG_INFORMATION_FORMAT = dwarf;
				ENABLE_STRICT_OBJC_MSGSEND = YES;
				ENABLE_TESTABILITY = YES;
				ENABLE_USER_SCRIPT_SANDBOXING = YES;
				GCC_C_LANGUAGE_STANDARD = gnu17;
				GCC_DYNAMIC_NO_PIC = NO;
				GCC_NO_COMMON_BLOCKS = YES;
				GCC_OPTIMIZATION_LEVEL = 0;
				GCC_PREPROCESSOR_DEFINITIONS = (
					"DEBUG=1",
					"$(inherited)",
				);
				GCC_WARN_64_TO_32_BIT_CONVERSION = YES;
				GCC_WARN_ABOUT_RETURN_TYPE = YES_ERROR;
				GCC_WARN_UNDECLARED_SELECTOR = YES;
				GCC_WARN_UNINITIALIZED_AUTOS = YES_AGGRESSIVE;
				GCC_WARN_UNUSED_FUNCTION = YES;
				GCC_WARN_UNUSED_VARIABLE = YES;
				IPHONEOS_DEPLOYMENT_TARGET = 12.0;
				LOCALIZATION_PREFERS_STRING_CATALOGS = YES;
				MTL_ENABLE_DEBUG_INFO = INCLUDE_SOURCE;
				MTL_FAST_MATH = YES;
				ONLY_ACTIVE_ARCH = YES;
				SDKROOT = iphoneos;
				SWIFT_ACTIVE_COMPILATION_CONDITIONS = "DEBUG $(inherited)";
				SWIFT_OPTIMIZATION_LEVEL = "-Onone";
			};
			name = Debug;
		};
		0307EAA22C374C8F00824FD8 /* Release */ = {
			isa = XCBuildConfiguration;
			buildSettings = {
				ALWAYS_SEARCH_USER_PATHS = NO;
				ASSETCATALOG_COMPILER_GENERATE_SWIFT_ASSET_SYMBOL_EXTENSIONS = YES;
				CLANG_ANALYZER_NONNULL = YES;
				CLANG_ANALYZER_NUMBER_OBJECT_CONVERSION = YES_AGGRESSIVE;
				CLANG_CXX_LANGUAGE_STANDARD = "gnu++20";
				CLANG_ENABLE_MODULES = YES;
				CLANG_ENABLE_OBJC_ARC = YES;
				CLANG_ENABLE_OBJC_WEAK = YES;
				CLANG_WARN_BLOCK_CAPTURE_AUTORELEASING = YES;
				CLANG_WARN_BOOL_CONVERSION = YES;
				CLANG_WARN_COMMA = YES;
				CLANG_WARN_CONSTANT_CONVERSION = YES;
				CLANG_WARN_DEPRECATED_OBJC_IMPLEMENTATIONS = YES;
				CLANG_WARN_DIRECT_OBJC_ISA_USAGE = YES_ERROR;
				CLANG_WARN_DOCUMENTATION_COMMENTS = YES;
				CLANG_WARN_EMPTY_BODY = YES;
				CLANG_WARN_ENUM_CONVERSION = YES;
				CLANG_WARN_INFINITE_RECURSION = YES;
				CLANG_WARN_INT_CONVERSION = YES;
				CLANG_WARN_NON_LITERAL_NULL_CONVERSION = YES;
				CLANG_WARN_OBJC_IMPLICIT_RETAIN_SELF = YES;
				CLANG_WARN_OBJC_LITERAL_CONVERSION = YES;
				CLANG_WARN_OBJC_ROOT_CLASS = YES_ERROR;
				CLANG_WARN_QUOTED_INCLUDE_IN_FRAMEWORK_HEADER = YES;
				CLANG_WARN_RANGE_LOOP_ANALYSIS = YES;
				CLANG_WARN_STRICT_PROTOTYPES = YES;
				CLANG_WARN_SUSPICIOUS_MOVE = YES;
				CLANG_WARN_UNGUARDED_AVAILABILITY = YES_AGGRESSIVE;
				CLANG_WARN_UNREACHABLE_CODE = YES;
				CLANG_WARN__DUPLICATE_METHOD_MATCH = YES;
				COPY_PHASE_STRIP = NO;
				DEBUG_INFORMATION_FORMAT = "dwarf-with-dsym";
				ENABLE_NS_ASSERTIONS = NO;
				ENABLE_STRICT_OBJC_MSGSEND = YES;
				ENABLE_USER_SCRIPT_SANDBOXING = YES;
				GCC_C_LANGUAGE_STANDARD = gnu17;
				GCC_NO_COMMON_BLOCKS = YES;
				GCC_WARN_64_TO_32_BIT_CONVERSION = YES;
				GCC_WARN_ABOUT_RETURN_TYPE = YES_ERROR;
				GCC_WARN_UNDECLARED_SELECTOR = YES;
				GCC_WARN_UNINITIALIZED_AUTOS = YES_AGGRESSIVE;
				GCC_WARN_UNUSED_FUNCTION = YES;
				GCC_WARN_UNUSED_VARIABLE = YES;
				IPHONEOS_DEPLOYMENT_TARGET = 12.0;
				LOCALIZATION_PREFERS_STRING_CATALOGS = YES;
				MTL_ENABLE_DEBUG_INFO = NO;
				MTL_FAST_MATH = YES;
				SDKROOT = iphoneos;
				SWIFT_COMPILATION_MODE = wholemodule;
				VALIDATE_PRODUCT = YES;
			};
			name = Release;
		};
		0307EAA42C374C8F00824FD8 /* Debug */ = {
			isa = XCBuildConfiguration;
			buildSettings = {
				ASSETCATALOG_COMPILER_APPICON_NAME = AppIcon;
				ASSETCATALOG_COMPILER_GLOBAL_ACCENT_COLOR_NAME = AccentColor;
				CODE_SIGN_STYLE = Automatic;
				CURRENT_PROJECT_VERSION = 1;
				DEVELOPMENT_TEAM = X2V6AHB2YS;
				GENERATE_INFOPLIST_FILE = YES;
				INFOPLIST_FILE = FotoIntelli/Info.plist;
				INFOPLIST_KEY_UIApplicationSupportsIndirectInputEvents = YES;
				INFOPLIST_KEY_UILaunchStoryboardName = LaunchScreen;
				INFOPLIST_KEY_UIMainStoryboardFile = Main;
				INFOPLIST_KEY_UISupportedInterfaceOrientations_iPad = "UIInterfaceOrientationPortrait UIInterfaceOrientationPortraitUpsideDown UIInterfaceOrientationLandscapeLeft UIInterfaceOrientationLandscapeRight";
				INFOPLIST_KEY_UISupportedInterfaceOrientations_iPhone = "UIInterfaceOrientationPortrait UIInterfaceOrientationLandscapeLeft UIInterfaceOrientationLandscapeRight";
				IPHONEOS_DEPLOYMENT_TARGET = 11.0;
				LD_RUNPATH_SEARCH_PATHS = (
					"$(inherited)",
					"@executable_path/Frameworks",
				);
				MARKETING_VERSION = 1.0;
				PRODUCT_BUNDLE_IDENTIFIER = AbhishekYadav.FotoIntelli;
				PRODUCT_NAME = "$(TARGET_NAME)";
				SWIFT_EMIT_LOC_STRINGS = YES;
				SWIFT_VERSION = 5.0;
				TARGETED_DEVICE_FAMILY = "1,2";
			};
			name = Debug;
		};
		0307EAA52C374C8F00824FD8 /* Release */ = {
			isa = XCBuildConfiguration;
			buildSettings = {
				ASSETCATALOG_COMPILER_APPICON_NAME = AppIcon;
				ASSETCATALOG_COMPILER_GLOBAL_ACCENT_COLOR_NAME = AccentColor;
				CODE_SIGN_STYLE = Automatic;
				CURRENT_PROJECT_VERSION = 1;
				DEVELOPMENT_TEAM = X2V6AHB2YS;
				GENERATE_INFOPLIST_FILE = YES;
				INFOPLIST_FILE = FotoIntelli/Info.plist;
				INFOPLIST_KEY_UIApplicationSupportsIndirectInputEvents = YES;
				INFOPLIST_KEY_UILaunchStoryboardName = LaunchScreen;
				INFOPLIST_KEY_UIMainStoryboardFile = Main;
				INFOPLIST_KEY_UISupportedInterfaceOrientations_iPad = "UIInterfaceOrientationPortrait UIInterfaceOrientationPortraitUpsideDown UIInterfaceOrientationLandscapeLeft UIInterfaceOrientationLandscapeRight";
				INFOPLIST_KEY_UISupportedInterfaceOrientations_iPhone = "UIInterfaceOrientationPortrait UIInterfaceOrientationLandscapeLeft UIInterfaceOrientationLandscapeRight";
				IPHONEOS_DEPLOYMENT_TARGET = 11.0;
				LD_RUNPATH_SEARCH_PATHS = (
					"$(inherited)",
					"@executable_path/Frameworks",
				);
				MARKETING_VERSION = 1.0;
				PRODUCT_BUNDLE_IDENTIFIER = AbhishekYadav.FotoIntelli;
				PRODUCT_NAME = "$(TARGET_NAME)";
				SWIFT_EMIT_LOC_STRINGS = YES;
				SWIFT_VERSION = 5.0;
				TARGETED_DEVICE_FAMILY = "1,2";
			};
			name = Release;
		};
		0307EAA72C374C8F00824FD8 /* Debug */ = {
			isa = XCBuildConfiguration;
			buildSettings = {
				ALWAYS_EMBED_SWIFT_STANDARD_LIBRARIES = YES;
				BUNDLE_LOADER = "$(TEST_HOST)";
				CODE_SIGN_STYLE = Automatic;
				CURRENT_PROJECT_VERSION = 1;
				DEVELOPMENT_TEAM = X2V6AHB2YS;
				GENERATE_INFOPLIST_FILE = YES;
				IPHONEOS_DEPLOYMENT_TARGET = 11.0;
				MARKETING_VERSION = 1.0;
				PRODUCT_BUNDLE_IDENTIFIER = AbhishekYadav.FotoIntelliTests;
				PRODUCT_NAME = "$(TARGET_NAME)";
				SWIFT_EMIT_LOC_STRINGS = NO;
				SWIFT_VERSION = 5.0;
				TARGETED_DEVICE_FAMILY = "1,2";
				TEST_HOST = "$(BUILT_PRODUCTS_DIR)/FotoIntelli.app/$(BUNDLE_EXECUTABLE_FOLDER_PATH)/FotoIntelli";
			};
			name = Debug;
		};
		0307EAA82C374C8F00824FD8 /* Release */ = {
			isa = XCBuildConfiguration;
			buildSettings = {
				ALWAYS_EMBED_SWIFT_STANDARD_LIBRARIES = YES;
				BUNDLE_LOADER = "$(TEST_HOST)";
				CODE_SIGN_STYLE = Automatic;
				CURRENT_PROJECT_VERSION = 1;
				DEVELOPMENT_TEAM = X2V6AHB2YS;
				GENERATE_INFOPLIST_FILE = YES;
				IPHONEOS_DEPLOYMENT_TARGET = 11.0;
				MARKETING_VERSION = 1.0;
				PRODUCT_BUNDLE_IDENTIFIER = AbhishekYadav.FotoIntelliTests;
				PRODUCT_NAME = "$(TARGET_NAME)";
				SWIFT_EMIT_LOC_STRINGS = NO;
				SWIFT_VERSION = 5.0;
				TARGETED_DEVICE_FAMILY = "1,2";
				TEST_HOST = "$(BUILT_PRODUCTS_DIR)/FotoIntelli.app/$(BUNDLE_EXECUTABLE_FOLDER_PATH)/FotoIntelli";
			};
			name = Release;
		};
		0307EAAA2C374C8F00824FD8 /* Debug */ = {
			isa = XCBuildConfiguration;
			buildSettings = {
				ALWAYS_EMBED_SWIFT_STANDARD_LIBRARIES = YES;
				CODE_SIGN_STYLE = Automatic;
				CURRENT_PROJECT_VERSION = 1;
				DEVELOPMENT_TEAM = X2V6AHB2YS;
				GENERATE_INFOPLIST_FILE = YES;
				IPHONEOS_DEPLOYMENT_TARGET = 11.0;
				MARKETING_VERSION = 1.0;
				PRODUCT_BUNDLE_IDENTIFIER = AbhishekYadav.FotoIntelliUITests;
				PRODUCT_NAME = "$(TARGET_NAME)";
				SWIFT_EMIT_LOC_STRINGS = NO;
				SWIFT_VERSION = 5.0;
				TARGETED_DEVICE_FAMILY = "1,2";
				TEST_TARGET_NAME = FotoIntelli;
			};
			name = Debug;
		};
		0307EAAB2C374C8F00824FD8 /* Release */ = {
			isa = XCBuildConfiguration;
			buildSettings = {
				ALWAYS_EMBED_SWIFT_STANDARD_LIBRARIES = YES;
				CODE_SIGN_STYLE = Automatic;
				CURRENT_PROJECT_VERSION = 1;
				DEVELOPMENT_TEAM = X2V6AHB2YS;
				GENERATE_INFOPLIST_FILE = YES;
				IPHONEOS_DEPLOYMENT_TARGET = 11.0;
				MARKETING_VERSION = 1.0;
				PRODUCT_BUNDLE_IDENTIFIER = AbhishekYadav.FotoIntelliUITests;
				PRODUCT_NAME = "$(TARGET_NAME)";
				SWIFT_EMIT_LOC_STRINGS = NO;
				SWIFT_VERSION = 5.0;
				TARGETED_DEVICE_FAMILY = "1,2";
				TEST_TARGET_NAME = FotoIntelli;
			};
			name = Release;
		};
/* End XCBuildConfiguration section */

/* Begin XCConfigurationList section */
		0307EA742C374C8D00824FD8 /* Build configuration list for PBXProject "FotoIntelli" */ = {
			isa = XCConfigurationList;
			buildConfigurations = (
				0307EAA12C374C8F00824FD8 /* Debug */,
				0307EAA22C374C8F00824FD8 /* Release */,
			);
			defaultConfigurationIsVisible = 0;
			defaultConfigurationName = Release;
		};
		0307EAA32C374C8F00824FD8 /* Build configuration list for PBXNativeTarget "FotoIntelli" */ = {
			isa = XCConfigurationList;
			buildConfigurations = (
				0307EAA42C374C8F00824FD8 /* Debug */,
				0307EAA52C374C8F00824FD8 /* Release */,
			);
			defaultConfigurationIsVisible = 0;
			defaultConfigurationName = Release;
		};
		0307EAA62C374C8F00824FD8 /* Build configuration list for PBXNativeTarget "FotoIntelliTests" */ = {
			isa = XCConfigurationList;
			buildConfigurations = (
				0307EAA72C374C8F00824FD8 /* Debug */,
				0307EAA82C374C8F00824FD8 /* Release */,
			);
			defaultConfigurationIsVisible = 0;
			defaultConfigurationName = Release;
		};
		0307EAA92C374C8F00824FD8 /* Build configuration list for PBXNativeTarget "FotoIntelliUITests" */ = {
			isa = XCConfigurationList;
			buildConfigurations = (
				0307EAAA2C374C8F00824FD8 /* Debug */,
				0307EAAB2C374C8F00824FD8 /* Release */,
			);
			defaultConfigurationIsVisible = 0;
			defaultConfigurationName = Release;
		};
/* End XCConfigurationList section */
	};
	rootObject = 0307EA712C374C8D00824FD8 /* Project object */;
}
